
Microsoft Visual Studio Solution File, Format Version 12.00
Project("{FAE04EC0-301F-11D3-BF4B-00C04F79EFBC}") = "CGL_BA6_ProcGen_QuestGenerator", "CGL_BA6_ProcGen_QuestGenerator\CGL_BA6_ProcGen_QuestGenerator.csproj", "{3E890C3F-F44C-4D6D-96F3-5DE8872DAF08}"
EndProject
Global
	GlobalSection(SolutionConfigurationPlatforms) = preSolution
		Debug|Any CPU = Debug|Any CPU
		Release|Any CPU = Release|Any CPU
	EndGlobalSection
	GlobalSection(ProjectConfigurationPlatforms) = postSolution
		{3E890C3F-F44C-4D6D-96F3-5DE8872DAF08}.Debug|Any CPU.ActiveCfg = Debug|Any CPU
		{3E890C3F-F44C-4D6D-96F3-5DE8872DAF08}.Debug|Any CPU.Build.0 = Debug|Any CPU
		{3E890C3F-F44C-4D6D-96F3-5DE8872DAF08}.Release|Any CPU.ActiveCfg = Release|Any CPU
		{3E890C3F-F44C-4D6D-96F3-5DE8872DAF08}.Release|Any CPU.Build.0 = Release|Any CPU
	EndGlobalSection
EndGlobal
